Microsoft Visual Studio Solution File, Format Version 12.00
# Visual Studio Version 17
VisualStudioVersion = 17.4.33205.214
MinimumVisualStudioVersion = 10.0.40219.1
Project("{9A19103F-16F7-4668-BE54-9A1E7A4F7556}") = "mySQL_Projektverwaltung", "mySQL_Projektverwaltung\mySQL_Projektverwaltung.csproj", "{73E3AFE8-1ED5-42F2-911C-DF91AAFE8389}"
EndProject
Project("{9A19103F-16F7-4668-BE54-9A1E7A4F7556}") = "HTMLToQPDF", "HTMLtoPDF_2024\HTMLToQPDF\HTMLToQPDF.csproj", "{CE11BC45-5B42-43A6-B54C-161B1816911E}"
EndProject
Global
	GlobalSection(SolutionConfigurationPlatforms) = preSolution
		Debug|Any CPU = Debug|Any CPU
		Release|Any CPU = Release|Any CPU
	EndGlobalSection
	GlobalSection(ProjectConfigurationPlatforms) = postSolution
		{73E3AFE8-1ED5-42F2-911C-DF91AAFE8389}.Debug|Any CPU.ActiveCfg = Debug|Any CPU
		{73E3AFE8-1ED5-42F2-911C-DF91AAFE8389}.Debug|Any CPU.Build.0 = Debug|Any CPU
		{73E3AFE8-1ED5-42F2-911C-DF91AAFE8389}.Release|Any CPU.ActiveCfg = Release|Any CPU
		{73E3AFE8-1ED5-42F2-911C-DF91AAFE8389}.Release|Any CPU.Build.0 = Release|Any CPU
		{CE11BC45-5B42-43A6-B54C-161B1816911E}.Debug|Any CPU.ActiveCfg = Debug|Any CPU
		{CE11BC45-5B42-43A6-B54C-161B1816911E}.Debug|Any CPU.Build.0 = Debug|Any CPU
		{CE11BC45-5B42-43A6-B54C-161B1816911E}.Release|Any CPU.ActiveCfg = Release|Any CPU
		{CE11BC45-5B42-43A6-B54C-161B1816911E}.Release|Any CPU.Build.0 = Release|Any CPU
	EndGlobalSection
	GlobalSection(SolutionProperties) = preSolution
		HideSolutionNode = FALSE
	EndGlobalSection
	GlobalSection(ExtensibilityGlobals) = postSolution
		SolutionGuid = {4F7247C7-AF6B-4A03-8908-ABE7E0B10621}
	EndGlobalSection
EndGlobal
