
Microsoft Visual Studio Solution File, Format Version 12.00
# Visual Studio Version 17
VisualStudioVersion = 17.4.33205.214
MinimumVisualStudioVersion = 10.0.40219.1
Project("{FAE04EC0-301F-11D3-BF4B-00C04F79EFBC}") = "mySQL_Projektverwaltung", "mySQL_Projektverwaltung\mySQL_Projektverwaltung.csproj", "{73E3AFE8-1ED5-42F2-911C-DF91AAFE8389}"
EndProject
Global
	GlobalSection(SolutionConfigurationPlatforms) = preSolution
		Debug|Any CPU = Debug|Any CPU
		Release|Any CPU = Release|Any CPU
	EndGlobalSection
	GlobalSection(ProjectConfigurationPlatforms) = postSolution
		{73E3AFE8-1ED5-42F2-911C-DF91AAFE8389}.Debug|Any CPU.ActiveCfg = Debug|Any CPU
		{73E3AFE8-1ED5-42F2-911C-DF91AAFE8389}.Debug|Any CPU.Build.0 = Debug|Any CPU
		{73E3AFE8-1ED5-42F2-911C-DF91AAFE8389}.Release|Any CPU.ActiveCfg = Release|Any CPU
		{73E3AFE8-1ED5-42F2-911C-DF91AAFE8389}.Release|Any CPU.Build.0 = Release|Any CPU
	EndGlobalSection
	GlobalSection(SolutionProperties) = preSolution
		HideSolutionNode = FALSE
	EndGlobalSection
	GlobalSection(ExtensibilityGlobals) = postSolution
		SolutionGuid = {4F7247C7-AF6B-4A03-8908-ABE7E0B10621}
	EndGlobalSection
EndGlobal
